
Microsoft Visual Studio Solution File, Format Version 12.00
# Visual Studio 15
VisualStudioVersion = 15.0.27130.2010
MinimumVisualStudioVersion = 10.0.40219.1
Project("{FAE04EC0-301F-11D3-BF4B-00C04F79EFBC}") = "Treesor.PSDriveProvider", "Treesor.PSDriveProvider\Treesor.PSDriveProvider.csproj", "{A6CA94F3-1BEF-4F7B-8A20-22B0EF222EB7}"
EndProject
Project("{FAE04EC0-301F-11D3-BF4B-00C04F79EFBC}") = "Treesor.PSDriveProvider.Test", "Treesor.PSDriveProvider.Test\Treesor.PSDriveProvider.Test.csproj", "{6AD74201-3FEF-491A-B31E-FD4B40B712DF}"
EndProject
Project("{FAE04EC0-301F-11D3-BF4B-00C04F79EFBC}") = "Treesor.Abstractions", "Treesor.Abstractions\Treesor.Abstractions.csproj", "{7527BD7E-9335-48F0-81FF-00C842C48A0F}"
EndProject
Project("{FAE04EC0-301F-11D3-BF4B-00C04F79EFBC}") = "Treesor.Model", "Treesor.Model\Treesor.Model.csproj", "{4CEBADC7-5CFB-41DA-94F1-1F30407C8E74}"
EndProject
Project("{FAE04EC0-301F-11D3-BF4B-00C04F79EFBC}") = "Treesor.Model.Test", "Treesor.Model.Test\Treesor.Model.Test.csproj", "{D3723AA9-896C-4C09-B582-1BD140EC9B58}"
EndProject
Global
	GlobalSection(SolutionConfigurationPlatforms) = preSolution
		Debug|Any CPU = Debug|Any CPU
		Release|Any CPU = Release|Any CPU
	EndGlobalSection
	GlobalSection(ProjectConfigurationPlatforms) = postSolution
		{A6CA94F3-1BEF-4F7B-8A20-22B0EF222EB7}.Debug|Any CPU.ActiveCfg = Debug|Any CPU
		{A6CA94F3-1BEF-4F7B-8A20-22B0EF222EB7}.Debug|Any CPU.Build.0 = Debug|Any CPU
		{A6CA94F3-1BEF-4F7B-8A20-22B0EF222EB7}.Release|Any CPU.ActiveCfg = Release|Any CPU
		{A6CA94F3-1BEF-4F7B-8A20-22B0EF222EB7}.Release|Any CPU.Build.0 = Release|Any CPU
		{6AD74201-3FEF-491A-B31E-FD4B40B712DF}.Debug|Any CPU.ActiveCfg = Debug|Any CPU
		{6AD74201-3FEF-491A-B31E-FD4B40B712DF}.Debug|Any CPU.Build.0 = Debug|Any CPU
		{6AD74201-3FEF-491A-B31E-FD4B40B712DF}.Release|Any CPU.ActiveCfg = Release|Any CPU
		{6AD74201-3FEF-491A-B31E-FD4B40B712DF}.Release|Any CPU.Build.0 = Release|Any CPU
		{7527BD7E-9335-48F0-81FF-00C842C48A0F}.Debug|Any CPU.ActiveCfg = Debug|Any CPU
		{7527BD7E-9335-48F0-81FF-00C842C48A0F}.Debug|Any CPU.Build.0 = Debug|Any CPU
		{7527BD7E-9335-48F0-81FF-00C842C48A0F}.Release|Any CPU.ActiveCfg = Release|Any CPU
		{7527BD7E-9335-48F0-81FF-00C842C48A0F}.Release|Any CPU.Build.0 = Release|Any CPU
		{4CEBADC7-5CFB-41DA-94F1-1F30407C8E74}.Debug|Any CPU.ActiveCfg = Debug|Any CPU
		{4CEBADC7-5CFB-41DA-94F1-1F30407C8E74}.Debug|Any CPU.Build.0 = Debug|Any CPU
		{4CEBADC7-5CFB-41DA-94F1-1F30407C8E74}.Release|Any CPU.ActiveCfg = Release|Any CPU
		{4CEBADC7-5CFB-41DA-94F1-1F30407C8E74}.Release|Any CPU.Build.0 = Release|Any CPU
		{D3723AA9-896C-4C09-B582-1BD140EC9B58}.Debug|Any CPU.ActiveCfg = Debug|Any CPU
		{D3723AA9-896C-4C09-B582-1BD140EC9B58}.Debug|Any CPU.Build.0 = Debug|Any CPU
		{D3723AA9-896C-4C09-B582-1BD140EC9B58}.Release|Any CPU.ActiveCfg = Release|Any CPU
		{D3723AA9-896C-4C09-B582-1BD140EC9B58}.Release|Any CPU.Build.0 = Release|Any CPU
	EndGlobalSection
	GlobalSection(SolutionProperties) = preSolution
		HideSolutionNode = FALSE
	EndGlobalSection
	GlobalSection(ExtensibilityGlobals) = postSolution
		SolutionGuid = {8824F43F-EA13-4EB5-99A9-3D41A9889785}
	EndGlobalSection
EndGlobal
